
Microsoft Visual Studio Solution File, Format Version 12.00
# Visual Studio 15
VisualStudioVersion = 15.0.28307.1401
MinimumVisualStudioVersion = 10.0.40219.1
Project("{FAE04EC0-301F-11D3-BF4B-00C04F79EFBC}") = "CSharpCourse", "CSharpCourse\CSharpCourse.csproj", "{3686F878-1AA2-4810-93A8-A847CA4C8EF3}"
EndProject
Global
	GlobalSection(SolutionConfigurationPlatforms) = preSolution
		Debug|Any CPU = Debug|Any CPU
		Release|Any CPU = Release|Any CPU
	EndGlobalSection
	GlobalSection(ProjectConfigurationPlatforms) = postSolution
		{3686F878-1AA2-4810-93A8-A847CA4C8EF3}.Debug|Any CPU.ActiveCfg = Debug|Any CPU
		{3686F878-1AA2-4810-93A8-A847CA4C8EF3}.Debug|Any CPU.Build.0 = Debug|Any CPU
		{3686F878-1AA2-4810-93A8-A847CA4C8EF3}.Release|Any CPU.ActiveCfg = Release|Any CPU
		{3686F878-1AA2-4810-93A8-A847CA4C8EF3}.Release|Any CPU.Build.0 = Release|Any CPU
	EndGlobalSection
	GlobalSection(SolutionProperties) = preSolution
		HideSolutionNode = FALSE
	EndGlobalSection
	GlobalSection(ExtensibilityGlobals) = postSolution
		SolutionGuid = {E5679D9B-34B7-4B3C-A441-806A03802FF5}
	EndGlobalSection
EndGlobal
